
Microsoft Visual Studio Solution File, Format Version 12.00
# Visual Studio Version 17
VisualStudioVersion = 17.14.36109.1 d17.14
MinimumVisualStudioVersion = 10.0.40219.1
Project("{FAE04EC0-301F-11D3-BF4B-00C04F79EFBC}") = "MVC_Proj", "MVC_Proj\MVC_Proj.csproj", "{3DB77816-08F1-4BB2-8B6A-0624862DA635}"
EndProject
Global
	GlobalSection(SolutionConfigurationPlatforms) = preSolution
		Debug|Any CPU = Debug|Any CPU
		Release|Any CPU = Release|Any CPU
	EndGlobalSection
	GlobalSection(ProjectConfigurationPlatforms) = postSolution
		{3DB77816-08F1-4BB2-8B6A-0624862DA635}.Debug|Any CPU.ActiveCfg = Debug|Any CPU
		{3DB77816-08F1-4BB2-8B6A-0624862DA635}.Debug|Any CPU.Build.0 = Debug|Any CPU
		{3DB77816-08F1-4BB2-8B6A-0624862DA635}.Release|Any CPU.ActiveCfg = Release|Any CPU
		{3DB77816-08F1-4BB2-8B6A-0624862DA635}.Release|Any CPU.Build.0 = Release|Any CPU
	EndGlobalSection
	GlobalSection(SolutionProperties) = preSolution
		HideSolutionNode = FALSE
	EndGlobalSection
	GlobalSection(ExtensibilityGlobals) = postSolution
		SolutionGuid = {C5D2075C-FD40-4FAF-8716-2518B58CC87B}
	EndGlobalSection
EndGlobal
